// !$*UTF8*$!
{
	archiveVersion = 1;
	classes = {
	};
	objectVersion = 46;
	objects = {

/* Begin PBXBuildFile section */
		6D301B731C5FBB6000664BDF /* AppDelegate.swift in Sources */ = {isa = PBXBuildFile; fileRef = 6D301B721C5FBB6000664BDF /* AppDelegate.swift */; };
		6D301B751C5FBB6000664BDF /* ViewController.swift in Sources */ = {isa = PBXBuildFile; fileRef = 6D301B741C5FBB6000664BDF /* ViewController.swift */; };
		6D301B781C5FBB6000664BDF /* Main.storyboard in Resources */ = {isa = PBXBuildFile; fileRef = 6D301B761C5FBB6000664BDF /* Main.storyboard */; };
		6D301B7A1C5FBB6000664BDF /* Assets.xcassets in Resources */ = {isa = PBXBuildFile; fileRef = 6D301B791C5FBB6000664BDF /* Assets.xcassets */; };
		6D301B7D1C5FBB6000664BDF /* LaunchScreen.storyboard in Resources */ = {isa = PBXBuildFile; fileRef = 6D301B7B1C5FBB6000664BDF /* LaunchScreen.storyboard */; };
		6D301B871C60AE8B00664BDF /* ConversionViewController.swift in Sources */ = {isa = PBXBuildFile; fileRef = 6D301B861C60AE8B00664BDF /* ConversionViewController.swift */; };
		6D447AAB1C88C34400618E1E /* WebViewController.swift in Sources */ = {isa = PBXBuildFile; fileRef = 6D447AAA1C88C34400618E1E /* WebViewController.swift */; };
		6D6317801C8C2FBB000F47B1 /* WebKit.framework in Frameworks */ = {isa = PBXBuildFile; fileRef = 6D63177E1C8C2FBB000F47B1 /* WebKit.framework */; };
		6DC55D6A1C837A5B00C1DBC3 /* MapKit.framework in Frameworks */ = {isa = PBXBuildFile; fileRef = 6DC55D691C837A5B00C1DBC3 /* MapKit.framework */; };
		6DC55D6C1C83833D00C1DBC3 /* MapViewController.swift in Sources */ = {isa = PBXBuildFile; fileRef = 6DC55D6B1C83833D00C1DBC3 /* MapViewController.swift */; };
/* End PBXBuildFile section */

/* Begin PBXFileReference section */
		6D301B6F1C5FBB6000664BDF /* Wordtrotter.app */ = {isa = PBXFileReference; explicitFileType = wrapper.application; includeInIndex = 0; path = Wordtrotter.app; sourceTree = BUILT_PRODUCTS_DIR; };
		6D301B721C5FBB6000664BDF /* AppDelegate.swift */ = {isa = PBXFileReference; lastKnownFileType = sourcecode.swift; path = AppDelegate.swift; sourceTree = "<group>"; };
		6D301B741C5FBB6000664BDF /* ViewController.swift */ = {isa = PBXFileReference; lastKnownFileType = sourcecode.swift; path = ViewController.swift; sourceTree = "<group>"; };
		6D301B771C5FBB6000664BDF /* Base */ = {isa = PBXFileReference; lastKnownFileType = file.storyboard; name = Base; path = Base.lproj/Main.storyboard; sourceTree = "<group>"; };
		6D301B791C5FBB6000664BDF /* Assets.xcassets */ = {isa = PBXFileReference; lastKnownFileType = folder.assetcatalog; path = Assets.xcassets; sourceTree = "<group>"; };
		6D301B7C1C5FBB6000664BDF /* Base */ = {isa = PBXFileReference; lastKnownFileType = file.storyboard; name = Base; path = Base.lproj/LaunchScreen.storyboard; sourceTree = "<group>"; };
		6D301B7E1C5FBB6000664BDF /* Info.plist */ = {isa = PBXFileReference; lastKnownFileType = text.plist.xml; path = Info.plist; sourceTree = "<group>"; };
		6D301B861C60AE8B00664BDF /* ConversionViewController.swift */ = {isa = PBXFileReference; fileEncoding = 4; lastKnownFileType = sourcecode.swift; path = ConversionViewController.swift; sourceTree = "<group>"; };
		6D447AAA1C88C34400618E1E /* WebViewController.swift */ = {isa = PBXFileReference; fileEncoding = 4; lastKnownFileType = sourcecode.swift; path = WebViewController.swift; sourceTree = "<group>"; };
		6D63177E1C8C2FBB000F47B1 /* WebKit.framework */ = {isa = PBXFileReference; lastKnownFileType = wrapper.framework; name = WebKit.framework; path = System/Library/Frameworks/WebKit.framework; sourceTree = SDKROOT; };
		6DC55D691C837A5B00C1DBC3 /* MapKit.framework */ = {isa = PBXFileReference; lastKnownFileType = wrapper.framework; name = MapKit.framework; path = System/Library/Frameworks/MapKit.framework; sourceTree = SDKROOT; };
		6DC55D6B1C83833D00C1DBC3 /* MapViewController.swift */ = {isa = PBXFileReference; fileEncoding = 4; lastKnownFileType = sourcecode.swift; path = MapViewController.swift; sourceTree = "<group>"; };
/* End PBXFileReference section */

/* Begin PBXFrameworksBuildPhase section */
		6D301B6C1C5FBB6000664BDF /* Frameworks */ = {
			isa = PBXFrameworksBuildPhase;
			buildActionMask = 2147483647;
			files = (
				6D6317801C8C2FBB000F47B1 /* WebKit.framework in Frameworks */,
				6DC55D6A1C837A5B00C1DBC3 /* MapKit.framework in Frameworks */,
			);
			runOnlyForDeploymentPostprocessing = 0;
		};
/* End PBXFrameworksBuildPhase section */

/* Begin PBXGroup section */
		6D301B661C5FBB6000664BDF = {
			isa = PBXGroup;
			children = (
				6D63177E1C8C2FBB000F47B1 /* WebKit.framework */,
				6DC55D691C837A5B00C1DBC3 /* MapKit.framework */,
				6D301B711C5FBB6000664BDF /* Wordtrotter */,
				6D301B701C5FBB6000664BDF /* Products */,
			);
			sourceTree = "<group>";
		};
		6D301B701C5FBB6000664BDF /* Products */ = {
			isa = PBXGroup;
			children = (
				6D301B6F1C5FBB6000664BDF /* Wordtrotter.app */,
			);
			name = Products;
			sourceTree = "<group>";
		};
		6D301B711C5FBB6000664BDF /* Wordtrotter */ = {
			isa = PBXGroup;
			children = (
				6D301B861C60AE8B00664BDF /* ConversionViewController.swift */,
				6D301B721C5FBB6000664BDF /* AppDelegate.swift */,
				6D301B741C5FBB6000664BDF /* ViewController.swift */,
				6D301B761C5FBB6000664BDF /* Main.storyboard */,
				6D447AAA1C88C34400618E1E /* WebViewController.swift */,
				6DC55D6B1C83833D00C1DBC3 /* MapViewController.swift */,
				6D301B791C5FBB6000664BDF /* Assets.xcassets */,
				6D301B7B1C5FBB6000664BDF /* LaunchScreen.storyboard */,
				6D301B7E1C5FBB6000664BDF /* Info.plist */,
			);
			path = Wordtrotter;
			sourceTree = "<group>";
		};
/* End PBXGroup section */

/* Begin PBXNativeTarget section */
		6D301B6E1C5FBB6000664BDF /* Wordtrotter */ = {
			isa = PBXNativeTarget;
			buildConfigurationList = 6D301B811C5FBB6000664BDF /* Build configuration list for PBXNativeTarget "Wordtrotter" */;
			buildPhases = (
				6D301B6B1C5FBB6000664BDF /* Sources */,
				6D301B6C1C5FBB6000664BDF /* Frameworks */,
				6D301B6D1C5FBB6000664BDF /* Resources */,
			);
			buildRules = (
			);
			dependencies = (
			);
			name = Wordtrotter;
			productName = Wordtrotter;
			productReference = 6D301B6F1C5FBB6000664BDF /* Wordtrotter.app */;
			productType = "com.apple.product-type.application";
		};
/* End PBXNativeTarget section */

/* Begin PBXProject section */
		6D301B671C5FBB6000664BDF /* Project object */ = {
			isa = PBXProject;
			attributes = {
				LastSwiftUpdateCheck = 0720;
				LastUpgradeCheck = 0720;
				ORGANIZATIONNAME = "Joost Holslag";
				TargetAttributes = {
					6D301B6E1C5FBB6000664BDF = {
						CreatedOnToolsVersion = 7.2;
						DevelopmentTeam = 2LYR6Y6827;
					};
				};
			};
			buildConfigurationList = 6D301B6A1C5FBB6000664BDF /* Build configuration list for PBXProject "Wordtrotter" */;
			compatibilityVersion = "Xcode 3.2";
			developmentRegion = English;
			hasScannedForEncodings = 0;
			knownRegions = (
				en,
				Base,
			);
			mainGroup = 6D301B661C5FBB6000664BDF;
			productRefGroup = 6D301B701C5FBB6000664BDF /* Products */;
			projectDirPath = "";
			projectRoot = "";
			targets = (
				6D301B6E1C5FBB6000664BDF /* Wordtrotter */,
			);
		};
/* End PBXProject section */

/* Begin PBXResourcesBuildPhase section */
		6D301B6D1C5FBB6000664BDF /* Resources */ = {
			isa = PBXResourcesBuildPhase;
			buildActionMask = 2147483647;
			files = (
				6D301B7D1C5FBB6000664BDF /* LaunchScreen.storyboard in Resources */,
				6D301B7A1C5FBB6000664BDF /* Assets.xcassets in Resources */,
				6D301B781C5FBB6000664BDF /* Main.storyboard in Resources */,
			);
			runOnlyForDeploymentPostprocessing = 0;
		};
/* End PBXResourcesBuildPhase section */

/* Begin PBXSourcesBuildPhase section */
		6D301B6B1C5FBB6000664BDF /* Sources */ = {
			isa = PBXSourcesBuildPhase;
			buildActionMask = 2147483647;
			files = (
				6D301B751C5FBB6000664BDF /* ViewController.swift in Sources */,
				6D301B871C60AE8B00664BDF /* ConversionViewController.swift in Sources */,
				6D301B731C5FBB6000664BDF /* AppDelegate.swift in Sources */,
				6D447AAB1C88C34400618E1E /* WebViewController.swift in Sources */,
				6DC55D6C1C83833D00C1DBC3 /* MapViewController.swift in Sources */,
			);
			runOnlyForDeploymentPostprocessing = 0;
		};
/* End PBXSourcesBuildPhase section */

/* Begin PBXVariantGroup section */
		6D301B761C5FBB6000664BDF /* Main.storyboard */ = {
			isa = PBXVariantGroup;
			children = (
				6D301B771C5FBB6000664BDF /* Base */,
			);
			name = Main.storyboard;
			sourceTree = "<group>";
		};
		6D301B7B1C5FBB6000664BDF /* LaunchScreen.storyboard */ = {
			isa = PBXVariantGroup;
			children = (
				6D301B7C1C5FBB6000664BDF /* Base */,
			);
			name = LaunchScreen.storyboard;
			sourceTree = "<group>";
		};
/* End PBXVariantGroup section */

/* Begin XCBuildConfiguration section */
		6D301B7F1C5FBB6000664BDF /* Debug */ = {
			isa = XCBuildConfiguration;
			buildSettings = {
				ALWAYS_SEARCH_USER_PATHS = NO;
				CLANG_CXX_LANGUAGE_STANDARD = "gnu++0x";
				CLANG_CXX_LIBRARY = "libc++";
				CLANG_ENABLE_MODULES = YES;
				CLANG_ENABLE_OBJC_ARC = YES;
				CLANG_WARN_BOOL_CONVERSION = YES;
				CLANG_WARN_CONSTANT_CONVERSION = YES;
				CLANG_WARN_DIRECT_OBJC_ISA_USAGE = YES_ERROR;
				CLANG_WARN_EMPTY_BODY = YES;
				CLANG_WARN_ENUM_CONVERSION = YES;
				CLANG_WARN_INT_CONVERSION = YES;
				CLANG_WARN_OBJC_ROOT_CLASS = YES_ERROR;
				CLANG_WARN_UNREACHABLE_CODE = YES;
				CLANG_WARN__DUPLICATE_METHOD_MATCH = YES;
				"CODE_SIGN_IDENTITY[sdk=iphoneos*]" = "iPhone Developer";
				COPY_PHASE_STRIP = NO;
				DEBUG_INFORMATION_FORMAT = dwarf;
				ENABLE_STRICT_OBJC_MSGSEND = YES;
				ENABLE_TESTABILITY = YES;
				GCC_C_LANGUAGE_STANDARD = gnu99;
				GCC_DYNAMIC_NO_PIC = NO;
				GCC_NO_COMMON_BLOCKS = YES;
				GCC_OPTIMIZATION_LEVEL = 0;
				GCC_PREPROCESSOR_DEFINITIONS = (
					"DEBUG=1",
					"$(inherited)",
				);
				GCC_WARN_64_TO_32_BIT_CONVERSION = YES;
				GCC_WARN_ABOUT_RETURN_TYPE = YES_ERROR;
				GCC_WARN_UNDECLARED_SELECTOR = YES;
				GCC_WARN_UNINITIALIZED_AUTOS = YES_AGGRESSIVE;
				GCC_WARN_UNUSED_FUNCTION = YES;
				GCC_WARN_UNUSED_VARIABLE = YES;
				IPHONEOS_DEPLOYMENT_TARGET = 9.2;
				MTL_ENABLE_DEBUG_INFO = YES;
				ONLY_ACTIVE_ARCH = YES;
				SDKROOT = iphoneos;
				SWIFT_OPTIMIZATION_LEVEL = "-Onone";
			};
			name = Debug;
		};
		6D301B801C5FBB6000664BDF /* Release */ = {
			isa = XCBuildConfiguration;
			buildSettings = {
				ALWAYS_SEARCH_USER_PATHS = NO;
				CLANG_CXX_LANGUAGE_STANDARD = "gnu++0x";
				CLANG_CXX_LIBRARY = "libc++";
				CLANG_ENABLE_MODULES = YES;
				CLANG_ENABLE_OBJC_ARC = YES;
				CLANG_WARN_BOOL_CONVERSION = YES;
				CLANG_WARN_CONSTANT_CONVERSION = YES;
				CLANG_WARN_DIRECT_OBJC_ISA_USAGE = YES_ERROR;
				CLANG_WARN_EMPTY_BODY = YES;
				CLANG_WARN_ENUM_CONVERSION = YES;
				CLANG_WARN_INT_CONVERSION = YES;
				CLANG_WARN_OBJC_ROOT_CLASS = YES_ERROR;
				CLANG_WARN_UNREACHABLE_CODE = YES;
				CLANG_WARN__DUPLICATE_METHOD_MATCH = YES;
				"CODE_SIGN_IDENTITY[sdk=iphoneos*]" = "iPhone Developer";
				COPY_PHASE_STRIP = NO;
				DEBUG_INFORMATION_FORMAT = "dwarf-with-dsym";
				ENABLE_NS_ASSERTIONS = NO;
				ENABLE_STRICT_OBJC_MSGSEND = YES;
				GCC_C_LANGUAGE_STANDARD = gnu99;
				GCC_NO_COMMON_BLOCKS = YES;
				GCC_WARN_64_TO_32_BIT_CONVERSION = YES;
				GCC_WARN_ABOUT_RETURN_TYPE = YES_ERROR;
				GCC_WARN_UNDECLARED_SELECTOR = YES;
				GCC_WARN_UNINITIALIZED_AUTOS = YES_AGGRESSIVE;
				GCC_WARN_UNUSED_FUNCTION = YES;
				GCC_WARN_UNUSED_VARIABLE = YES;
				IPHONEOS_DEPLOYMENT_TARGET = 9.2;
				MTL_ENABLE_DEBUG_INFO = NO;
				SDKROOT = iphoneos;
				VALIDATE_PRODUCT = YES;
			};
			name = Release;
		};
		6D301B821C5FBB6000664BDF /* Debug */ = {
			isa = XCBuildConfiguration;
			buildSettings = {
				ASSETCATALOG_COMPILER_APPICON_NAME = AppIcon;
				FRAMEWORK_SEARCH_PATHS = (
					"$(inherited)",
					"$(SDKROOT)$(SYSTEM_LIBRARY_DIR)/PrivateFrameworks",
				);
				INFOPLIST_FILE = Wordtrotter/Info.plist;
				IPHONEOS_DEPLOYMENT_TARGET = 9.3;
				LD_RUNPATH_SEARCH_PATHS = "$(inherited) @executable_path/Frameworks";
				PRODUCT_BUNDLE_IDENTIFIER = nl.joostholslag.Wordtrotter;
				PRODUCT_NAME = "$(TARGET_NAME)";
			};
			name = Debug;
		};
		6D301B831C5FBB6000664BDF /* Release */ = {
			isa = XCBuildConfiguration;
			buildSettings = {
				ASSETCATALOG_COMPILER_APPICON_NAME = AppIcon;
				FRAMEWORK_SEARCH_PATHS = (
					"$(inherited)",
					"$(SDKROOT)$(SYSTEM_LIBRARY_DIR)/PrivateFrameworks",
				);
				INFOPLIST_FILE = Wordtrotter/Info.plist;
				IPHONEOS_DEPLOYMENT_TARGET = 9.3;
				LD_RUNPATH_SEARCH_PATHS = "$(inherited) @executable_path/Frameworks";
				PRODUCT_BUNDLE_IDENTIFIER = nl.joostholslag.Wordtrotter;
				PRODUCT_NAME = "$(TARGET_NAME)";
			};
			name = Release;
		};
/* End XCBuildConfiguration section */

/* Begin XCConfigurationList section */
		6D301B6A1C5FBB6000664BDF /* Build configuration list for PBXProject "Wordtrotter" */ = {
			isa = XCConfigurationList;
			buildConfigurations = (
				6D301B7F1C5FBB6000664BDF /* Debug */,
				6D301B801C5FBB6000664BDF /* Release */,
			);
			defaultConfigurationIsVisible = 0;
			defaultConfigurationName = Release;
		};
		6D301B811C5FBB6000664BDF /* Build configuration list for PBXNativeTarget "Wordtrotter" */ = {
			isa = XCConfigurationList;
			buildConfigurations = (
				6D301B821C5FBB6000664BDF /* Debug */,
				6D301B831C5FBB6000664BDF /* Release */,
			);
			defaultConfigurationIsVisible = 0;
			defaultConfigurationName = Release;
		};
/* End XCConfigurationList section */
	};
	rootObject = 6D301B671C5FBB6000664BDF /* Project object */;
}
